// !$*UTF8*$!
{
	archiveVersion = 1;
	classes = {
	};
	objectVersion = 46;
	objects = {

/* Begin PBXBuildFile section */
		3D3D89E21AA8FC1F00B2FB70 /* main.m in Sources */ = {isa = PBXBuildFile; fileRef = 3D3D89E11AA8FC1F00B2FB70 /* main.m */; };
		3D3D89E51AA8FC1F00B2FB70 /* AppDelegate.m in Sources */ = {isa = PBXBuildFile; fileRef = 3D3D89E41AA8FC1F00B2FB70 /* AppDelegate.m */; };
		3D3D89EB1AA8FC1F00B2FB70 /* Main.storyboard in Resources */ = {isa = PBXBuildFile; fileRef = 3D3D89E91AA8FC1F00B2FB70 /* Main.storyboard */; };
		3D3D89ED1AA8FC1F00B2FB70 /* Images.xcassets in Resources */ = {isa = PBXBuildFile; fileRef = 3D3D89EC1AA8FC1F00B2FB70 /* Images.xcassets */; };
		3D3D89F01AA8FC1F00B2FB70 /* LaunchScreen.xib in Resources */ = {isa = PBXBuildFile; fileRef = 3D3D89EE1AA8FC1F00B2FB70 /* LaunchScreen.xib */; };
		3D3D89FC1AA8FC1F00B2FB70 /* OnlineScrumPlanningPokerTests.m in Sources */ = {isa = PBXBuildFile; fileRef = 3D3D89FB1AA8FC1F00B2FB70 /* OnlineScrumPlanningPokerTests.m */; };
		3DE8AEB81AD775F2002BD7D0 /* SystemConfiguration.framework in Frameworks */ = {isa = PBXBuildFile; fileRef = 3DE8AEB71AD775F2002BD7D0 /* SystemConfiguration.framework */; };
		3DE8AEBB1AD778CA002BD7D0 /* OSNetworkUtil.m in Sources */ = {isa = PBXBuildFile; fileRef = 3DE8AEBA1AD778CA002BD7D0 /* OSNetworkUtil.m */; };
		3DE8AEC01AD77C7B002BD7D0 /* OSMasterViewController.m in Sources */ = {isa = PBXBuildFile; fileRef = 3DE8AEBF1AD77C7B002BD7D0 /* OSMasterViewController.m */; };
/* End PBXBuildFile section */

/* Begin PBXContainerItemProxy section */
		3D3D89F61AA8FC1F00B2FB70 /* PBXContainerItemProxy */ = {
			isa = PBXContainerItemProxy;
			containerPortal = 3D3D89D41AA8FC1F00B2FB70 /* Project object */;
			proxyType = 1;
			remoteGlobalIDString = 3D3D89DB1AA8FC1F00B2FB70;
			remoteInfo = OnlineScrumPlanningPoker;
		};
/* End PBXContainerItemProxy section */

/* Begin PBXFileReference section */
		3D3D89DC1AA8FC1F00B2FB70 /* OnlineScrumPlanningPoker.app */ = {isa = PBXFileReference; explicitFileType = wrapper.application; includeInIndex = 0; path = OnlineScrumPlanningPoker.app; sourceTree = BUILT_PRODUCTS_DIR; };
		3D3D89E01AA8FC1F00B2FB70 /* Info.plist */ = {isa = PBXFileReference; lastKnownFileType = text.plist.xml; path = Info.plist; sourceTree = "<group>"; };
		3D3D89E11AA8FC1F00B2FB70 /* main.m */ = {isa = PBXFileReference; lastKnownFileType = sourcecode.c.objc; path = main.m; sourceTree = "<group>"; };
		3D3D89E31AA8FC1F00B2FB70 /* AppDelegate.h */ = {isa = PBXFileReference; lastKnownFileType = sourcecode.c.h; path = AppDelegate.h; sourceTree = "<group>"; };
		3D3D89E41AA8FC1F00B2FB70 /* AppDelegate.m */ = {isa = PBXFileReference; lastKnownFileType = sourcecode.c.objc; path = AppDelegate.m; sourceTree = "<group>"; };
		3D3D89EA1AA8FC1F00B2FB70 /* Base */ = {isa = PBXFileReference; lastKnownFileType = file.storyboard; name = Base; path = Base.lproj/Main.storyboard; sourceTree = "<group>"; };
		3D3D89EC1AA8FC1F00B2FB70 /* Images.xcassets */ = {isa = PBXFileReference; lastKnownFileType = folder.assetcatalog; path = Images.xcassets; sourceTree = "<group>"; };
		3D3D89EF1AA8FC1F00B2FB70 /* Base */ = {isa = PBXFileReference; lastKnownFileType = file.xib; name = Base; path = Base.lproj/LaunchScreen.xib; sourceTree = "<group>"; };
		3D3D89F51AA8FC1F00B2FB70 /* OnlineScrumPlanningPokerTests.xctest */ = {isa = PBXFileReference; explicitFileType = wrapper.cfbundle; includeInIndex = 0; path = OnlineScrumPlanningPokerTests.xctest; sourceTree = BUILT_PRODUCTS_DIR; };
		3D3D89FA1AA8FC1F00B2FB70 /* Info.plist */ = {isa = PBXFileReference; lastKnownFileType = text.plist.xml; path = Info.plist; sourceTree = "<group>"; };
		3D3D89FB1AA8FC1F00B2FB70 /* OnlineScrumPlanningPokerTests.m */ = {isa = PBXFileReference; lastKnownFileType = sourcecode.c.objc; path = OnlineScrumPlanningPokerTests.m; sourceTree = "<group>"; };
		3DE8AEB71AD775F2002BD7D0 /* SystemConfiguration.framework */ = {isa = PBXFileReference; lastKnownFileType = wrapper.framework; name = SystemConfiguration.framework; path = System/Library/Frameworks/SystemConfiguration.framework; sourceTree = SDKROOT; };
		3DE8AEB91AD778CA002BD7D0 /* OSNetworkUtil.h */ = {isa = PBXFileReference; fileEncoding = 4; lastKnownFileType = sourcecode.c.h; name = OSNetworkUtil.h; path = Util/OSNetworkUtil.h; sourceTree = "<group>"; };
		3DE8AEBA1AD778CA002BD7D0 /* OSNetworkUtil.m */ = {isa = PBXFileReference; fileEncoding = 4; lastKnownFileType = sourcecode.c.objc; name = OSNetworkUtil.m; path = Util/OSNetworkUtil.m; sourceTree = "<group>"; };
		3DE8AEBE1AD77C7B002BD7D0 /* OSMasterViewController.h */ = {isa = PBXFileReference; fileEncoding = 4; lastKnownFileType = sourcecode.c.h; path = OSMasterViewController.h; sourceTree = "<group>"; };
		3DE8AEBF1AD77C7B002BD7D0 /* OSMasterViewController.m */ = {isa = PBXFileReference; fileEncoding = 4; lastKnownFileType = sourcecode.c.objc; path = OSMasterViewController.m; sourceTree = "<group>"; };
/* End PBXFileReference section */

/* Begin PBXFrameworksBuildPhase section */
		3D3D89D91AA8FC1F00B2FB70 /* Frameworks */ = {
			isa = PBXFrameworksBuildPhase;
			buildActionMask = 2147483647;
			files = (
				3DE8AEB81AD775F2002BD7D0 /* SystemConfiguration.framework in Frameworks */,
			);
			runOnlyForDeploymentPostprocessing = 0;
		};
		3D3D89F21AA8FC1F00B2FB70 /* Frameworks */ = {
			isa = PBXFrameworksBuildPhase;
			buildActionMask = 2147483647;
			files = (
			);
			runOnlyForDeploymentPostprocessing = 0;
		};
/* End PBXFrameworksBuildPhase section */

/* Begin PBXGroup section */
		3D3D89D31AA8FC1F00B2FB70 = {
			isa = PBXGroup;
			children = (
				3DE8AEB71AD775F2002BD7D0 /* SystemConfiguration.framework */,
				3D3D89DE1AA8FC1F00B2FB70 /* OnlineScrumPlanningPoker */,
				3D3D89F81AA8FC1F00B2FB70 /* OnlineScrumPlanningPokerTests */,
				3D3D89DD1AA8FC1F00B2FB70 /* Products */,
			);
			sourceTree = "<group>";
		};
		3D3D89DD1AA8FC1F00B2FB70 /* Products */ = {
			isa = PBXGroup;
			children = (
				3D3D89DC1AA8FC1F00B2FB70 /* OnlineScrumPlanningPoker.app */,
				3D3D89F51AA8FC1F00B2FB70 /* OnlineScrumPlanningPokerTests.xctest */,
			);
			name = Products;
			sourceTree = "<group>";
		};
		3D3D89DE1AA8FC1F00B2FB70 /* OnlineScrumPlanningPoker */ = {
			isa = PBXGroup;
			children = (
				3DE8AEBD1AD77C7B002BD7D0 /* ViewControllers */,
				3DE8AEBC1AD778D3002BD7D0 /* Util */,
				3D3D89E31AA8FC1F00B2FB70 /* AppDelegate.h */,
				3D3D89E41AA8FC1F00B2FB70 /* AppDelegate.m */,
				3D3D89E91AA8FC1F00B2FB70 /* Main.storyboard */,
				3D3D89EC1AA8FC1F00B2FB70 /* Images.xcassets */,
				3D3D89EE1AA8FC1F00B2FB70 /* LaunchScreen.xib */,
				3D3D89DF1AA8FC1F00B2FB70 /* Supporting Files */,
			);
			path = OnlineScrumPlanningPoker;
			sourceTree = "<group>";
		};
		3D3D89DF1AA8FC1F00B2FB70 /* Supporting Files */ = {
			isa = PBXGroup;
			children = (
				3D3D89E01AA8FC1F00B2FB70 /* Info.plist */,
				3D3D89E11AA8FC1F00B2FB70 /* main.m */,
			);
			name = "Supporting Files";
			sourceTree = "<group>";
		};
		3D3D89F81AA8FC1F00B2FB70 /* OnlineScrumPlanningPokerTests */ = {
			isa = PBXGroup;
			children = (
				3D3D89FB1AA8FC1F00B2FB70 /* OnlineScrumPlanningPokerTests.m */,
				3D3D89F91AA8FC1F00B2FB70 /* Supporting Files */,
			);
			path = OnlineScrumPlanningPokerTests;
			sourceTree = "<group>";
		};
		3D3D89F91AA8FC1F00B2FB70 /* Supporting Files */ = {
			isa = PBXGroup;
			children = (
				3D3D89FA1AA8FC1F00B2FB70 /* Info.plist */,
			);
			name = "Supporting Files";
			sourceTree = "<group>";
		};
		3DE8AEBC1AD778D3002BD7D0 /* Util */ = {
			isa = PBXGroup;
			children = (
				3DE8AEB91AD778CA002BD7D0 /* OSNetworkUtil.h */,
				3DE8AEBA1AD778CA002BD7D0 /* OSNetworkUtil.m */,
			);
			name = Util;
			sourceTree = "<group>";
		};
		3DE8AEBD1AD77C7B002BD7D0 /* ViewControllers */ = {
			isa = PBXGroup;
			children = (
				3DE8AEBE1AD77C7B002BD7D0 /* OSMasterViewController.h */,
				3DE8AEBF1AD77C7B002BD7D0 /* OSMasterViewController.m */,
			);
			path = ViewControllers;
			sourceTree = "<group>";
		};
/* End PBXGroup section */

/* Begin PBXNativeTarget section */
		3D3D89DB1AA8FC1F00B2FB70 /* OnlineScrumPlanningPoker */ = {
			isa = PBXNativeTarget;
			buildConfigurationList = 3D3D89FF1AA8FC1F00B2FB70 /* Build configuration list for PBXNativeTarget "OnlineScrumPlanningPoker" */;
			buildPhases = (
				3D3D89D81AA8FC1F00B2FB70 /* Sources */,
				3D3D89D91AA8FC1F00B2FB70 /* Frameworks */,
				3D3D89DA1AA8FC1F00B2FB70 /* Resources */,
			);
			buildRules = (
			);
			dependencies = (
			);
			name = OnlineScrumPlanningPoker;
			productName = OnlineScrumPlanningPoker;
			productReference = 3D3D89DC1AA8FC1F00B2FB70 /* OnlineScrumPlanningPoker.app */;
			productType = "com.apple.product-type.application";
		};
		3D3D89F41AA8FC1F00B2FB70 /* OnlineScrumPlanningPokerTests */ = {
			isa = PBXNativeTarget;
			buildConfigurationList = 3D3D8A021AA8FC1F00B2FB70 /* Build configuration list for PBXNativeTarget "OnlineScrumPlanningPokerTests" */;
			buildPhases = (
				3D3D89F11AA8FC1F00B2FB70 /* Sources */,
				3D3D89F21AA8FC1F00B2FB70 /* Frameworks */,
				3D3D89F31AA8FC1F00B2FB70 /* Resources */,
			);
			buildRules = (
			);
			dependencies = (
				3D3D89F71AA8FC1F00B2FB70 /* PBXTargetDependency */,
			);
			name = OnlineScrumPlanningPokerTests;
			productName = OnlineScrumPlanningPokerTests;
			productReference = 3D3D89F51AA8FC1F00B2FB70 /* OnlineScrumPlanningPokerTests.xctest */;
			productType = "com.apple.product-type.bundle.unit-test";
		};
/* End PBXNativeTarget section */

/* Begin PBXProject section */
		3D3D89D41AA8FC1F00B2FB70 /* Project object */ = {
			isa = PBXProject;
			attributes = {
				LastUpgradeCheck = 0610;
				ORGANIZATIONNAME = SunHan;
				TargetAttributes = {
					3D3D89DB1AA8FC1F00B2FB70 = {
						CreatedOnToolsVersion = 6.1.1;
					};
					3D3D89F41AA8FC1F00B2FB70 = {
						CreatedOnToolsVersion = 6.1.1;
						TestTargetID = 3D3D89DB1AA8FC1F00B2FB70;
					};
				};
			};
			buildConfigurationList = 3D3D89D71AA8FC1F00B2FB70 /* Build configuration list for PBXProject "OnlineScrumPlanningPoker" */;
			compatibilityVersion = "Xcode 3.2";
			developmentRegion = English;
			hasScannedForEncodings = 0;
			knownRegions = (
				en,
				Base,
			);
			mainGroup = 3D3D89D31AA8FC1F00B2FB70;
			productRefGroup = 3D3D89DD1AA8FC1F00B2FB70 /* Products */;
			projectDirPath = "";
			projectRoot = "";
			targets = (
				3D3D89DB1AA8FC1F00B2FB70 /* OnlineScrumPlanningPoker */,
				3D3D89F41AA8FC1F00B2FB70 /* OnlineScrumPlanningPokerTests */,
			);
		};
/* End PBXProject section */

/* Begin PBXResourcesBuildPhase section */
		3D3D89DA1AA8FC1F00B2FB70 /* Resources */ = {
			isa = PBXResourcesBuildPhase;
			buildActionMask = 2147483647;
			files = (
				3D3D89EB1AA8FC1F00B2FB70 /* Main.storyboard in Resources */,
				3D3D89F01AA8FC1F00B2FB70 /* LaunchScreen.xib in Resources */,
				3D3D89ED1AA8FC1F00B2FB70 /* Images.xcassets in Resources */,
			);
			runOnlyForDeploymentPostprocessing = 0;
		};
		3D3D89F31AA8FC1F00B2FB70 /* Resources */ = {
			isa = PBXResourcesBuildPhase;
			buildActionMask = 2147483647;
			files = (
			);
			runOnlyForDeploymentPostprocessing = 0;
		};
/* End PBXResourcesBuildPhase section */

/* Begin PBXSourcesBuildPhase section */
		3D3D89D81AA8FC1F00B2FB70 /* Sources */ = {
			isa = PBXSourcesBuildPhase;
			buildActionMask = 2147483647;
			files = (
				3DE8AEC01AD77C7B002BD7D0 /* OSMasterViewController.m in Sources */,
				3DE8AEBB1AD778CA002BD7D0 /* OSNetworkUtil.m in Sources */,
				3D3D89E51AA8FC1F00B2FB70 /* AppDelegate.m in Sources */,
				3D3D89E21AA8FC1F00B2FB70 /* main.m in Sources */,
			);
			runOnlyForDeploymentPostprocessing = 0;
		};
		3D3D89F11AA8FC1F00B2FB70 /* Sources */ = {
			isa = PBXSourcesBuildPhase;
			buildActionMask = 2147483647;
			files = (
				3D3D89FC1AA8FC1F00B2FB70 /* OnlineScrumPlanningPokerTests.m in Sources */,
			);
			runOnlyForDeploymentPostprocessing = 0;
		};
/* End PBXSourcesBuildPhase section */

/* Begin PBXTargetDependency section */
		3D3D89F71AA8FC1F00B2FB70 /* PBXTargetDependency */ = {
			isa = PBXTargetDependency;
			target = 3D3D89DB1AA8FC1F00B2FB70 /* OnlineScrumPlanningPoker */;
			targetProxy = 3D3D89F61AA8FC1F00B2FB70 /* PBXContainerItemProxy */;
		};
/* End PBXTargetDependency section */

/* Begin PBXVariantGroup section */
		3D3D89E91AA8FC1F00B2FB70 /* Main.storyboard */ = {
			isa = PBXVariantGroup;
			children = (
				3D3D89EA1AA8FC1F00B2FB70 /* Base */,
			);
			name = Main.storyboard;
			sourceTree = "<group>";
		};
		3D3D89EE1AA8FC1F00B2FB70 /* LaunchScreen.xib */ = {
			isa = PBXVariantGroup;
			children = (
				3D3D89EF1AA8FC1F00B2FB70 /* Base */,
			);
			name = LaunchScreen.xib;
			sourceTree = "<group>";
		};
/* End PBXVariantGroup section */

/* Begin XCBuildConfiguration section */
		3D3D89FD1AA8FC1F00B2FB70 /* Debug */ = {
			isa = XCBuildConfiguration;
			buildSettings = {
				ALWAYS_SEARCH_USER_PATHS = NO;
				CLANG_CXX_LANGUAGE_STANDARD = "gnu++0x";
				CLANG_CXX_LIBRARY = "libc++";
				CLANG_ENABLE_MODULES = YES;
				CLANG_ENABLE_OBJC_ARC = YES;
				CLANG_WARN_BOOL_CONVERSION = YES;
				CLANG_WARN_CONSTANT_CONVERSION = YES;
				CLANG_WARN_DIRECT_OBJC_ISA_USAGE = YES_ERROR;
				CLANG_WARN_EMPTY_BODY = YES;
				CLANG_WARN_ENUM_CONVERSION = YES;
				CLANG_WARN_INT_CONVERSION = YES;
				CLANG_WARN_OBJC_ROOT_CLASS = YES_ERROR;
				CLANG_WARN_UNREACHABLE_CODE = YES;
				CLANG_WARN__DUPLICATE_METHOD_MATCH = YES;
				"CODE_SIGN_IDENTITY[sdk=iphoneos*]" = "iPhone Developer";
				COPY_PHASE_STRIP = NO;
				ENABLE_STRICT_OBJC_MSGSEND = YES;
				GCC_C_LANGUAGE_STANDARD = gnu99;
				GCC_DYNAMIC_NO_PIC = NO;
				GCC_OPTIMIZATION_LEVEL = 0;
				GCC_PREPROCESSOR_DEFINITIONS = (
					"DEBUG=1",
					"$(inherited)",
				);
				GCC_SYMBOLS_PRIVATE_EXTERN = NO;
				GCC_WARN_64_TO_32_BIT_CONVERSION = YES;
				GCC_WARN_ABOUT_RETURN_TYPE = YES_ERROR;
				GCC_WARN_UNDECLARED_SELECTOR = YES;
				GCC_WARN_UNINITIALIZED_AUTOS = YES_AGGRESSIVE;
				GCC_WARN_UNUSED_FUNCTION = YES;
				GCC_WARN_UNUSED_VARIABLE = YES;
				IPHONEOS_DEPLOYMENT_TARGET = 8.1;
				MTL_ENABLE_DEBUG_INFO = YES;
				ONLY_ACTIVE_ARCH = YES;
				SDKROOT = iphoneos;
			};
			name = Debug;
		};
		3D3D89FE1AA8FC1F00B2FB70 /* Release */ = {
			isa = XCBuildConfiguration;
			buildSettings = {
				ALWAYS_SEARCH_USER_PATHS = NO;
				CLANG_CXX_LANGUAGE_STANDARD = "gnu++0x";
				CLANG_CXX_LIBRARY = "libc++";
				CLANG_ENABLE_MODULES = YES;
				CLANG_ENABLE_OBJC_ARC = YES;
				CLANG_WARN_BOOL_CONVERSION = YES;
				CLANG_WARN_CONSTANT_CONVERSION = YES;
				CLANG_WARN_DIRECT_OBJC_ISA_USAGE = YES_ERROR;
				CLANG_WARN_EMPTY_BODY = YES;
				CLANG_WARN_ENUM_CONVERSION = YES;
				CLANG_WARN_INT_CONVERSION = YES;
				CLANG_WARN_OBJC_ROOT_CLASS = YES_ERROR;
				CLANG_WARN_UNREACHABLE_CODE = YES;
				CLANG_WARN__DUPLICATE_METHOD_MATCH = YES;
				"CODE_SIGN_IDENTITY[sdk=iphoneos*]" = "iPhone Developer";
				COPY_PHASE_STRIP = YES;
				ENABLE_NS_ASSERTIONS = NO;
				ENABLE_STRICT_OBJC_MSGSEND = YES;
				GCC_C_LANGUAGE_STANDARD = gnu99;
				GCC_WARN_64_TO_32_BIT_CONVERSION = YES;
				GCC_WARN_ABOUT_RETURN_TYPE = YES_ERROR;
				GCC_WARN_UNDECLARED_SELECTOR = YES;
				GCC_WARN_UNINITIALIZED_AUTOS = YES_AGGRESSIVE;
				GCC_WARN_UNUSED_FUNCTION = YES;
				GCC_WARN_UNUSED_VARIABLE = YES;
				IPHONEOS_DEPLOYMENT_TARGET = 8.1;
				MTL_ENABLE_DEBUG_INFO = NO;
				SDKROOT = iphoneos;
				VALIDATE_PRODUCT = YES;
			};
			name = Release;
		};
		3D3D8A001AA8FC1F00B2FB70 /* Debug */ = {
			isa = XCBuildConfiguration;
			buildSettings = {
				ASSETCATALOG_COMPILER_APPICON_NAME = AppIcon;
				INFOPLIST_FILE = OnlineScrumPlanningPoker/Info.plist;
				LD_RUNPATH_SEARCH_PATHS = "$(inherited) @executable_path/Frameworks";
				PRODUCT_NAME = "$(TARGET_NAME)";
				TARGETED_DEVICE_FAMILY = "1,2";
			};
			name = Debug;
		};
		3D3D8A011AA8FC1F00B2FB70 /* Release */ = {
			isa = XCBuildConfiguration;
			buildSettings = {
				ASSETCATALOG_COMPILER_APPICON_NAME = AppIcon;
				INFOPLIST_FILE = OnlineScrumPlanningPoker/Info.plist;
				LD_RUNPATH_SEARCH_PATHS = "$(inherited) @executable_path/Frameworks";
				PRODUCT_NAME = "$(TARGET_NAME)";
				TARGETED_DEVICE_FAMILY = "1,2";
			};
			name = Release;
		};
		3D3D8A031AA8FC1F00B2FB70 /* Debug */ = {
			isa = XCBuildConfiguration;
			buildSettings = {
				BUNDLE_LOADER = "$(TEST_HOST)";
				FRAMEWORK_SEARCH_PATHS = (
					"$(SDKROOT)/Developer/Library/Frameworks",
					"$(inherited)",
				);
				GCC_PREPROCESSOR_DEFINITIONS = (
					"DEBUG=1",
					"$(inherited)",
				);
				INFOPLIST_FILE = OnlineScrumPlanningPokerTests/Info.plist;
				LD_RUNPATH_SEARCH_PATHS = "$(inherited) @executable_path/Frameworks @loader_path/Frameworks";
				PRODUCT_NAME = "$(TARGET_NAME)";
				TEST_HOST = "$(BUILT_PRODUCTS_DIR)/OnlineScrumPlanningPoker.app/OnlineScrumPlanningPoker";
			};
			name = Debug;
		};
		3D3D8A041AA8FC1F00B2FB70 /* Release */ = {
			isa = XCBuildConfiguration;
			buildSettings = {
				BUNDLE_LOADER = "$(TEST_HOST)";
				FRAMEWORK_SEARCH_PATHS = (
					"$(SDKROOT)/Developer/Library/Frameworks",
					"$(inherited)",
				);
				INFOPLIST_FILE = OnlineScrumPlanningPokerTests/Info.plist;
				LD_RUNPATH_SEARCH_PATHS = "$(inherited) @executable_path/Frameworks @loader_path/Frameworks";
				PRODUCT_NAME = "$(TARGET_NAME)";
				TEST_HOST = "$(BUILT_PRODUCTS_DIR)/OnlineScrumPlanningPoker.app/OnlineScrumPlanningPoker";
			};
			name = Release;
		};
/* End XCBuildConfiguration section */

/* Begin XCConfigurationList section */
		3D3D89D71AA8FC1F00B2FB70 /* Build configuration list for PBXProject "OnlineScrumPlanningPoker" */ = {
			isa = XCConfigurationList;
			buildConfigurations = (
				3D3D89FD1AA8FC1F00B2FB70 /* Debug */,
				3D3D89FE1AA8FC1F00B2FB70 /* Release */,
			);
			defaultConfigurationIsVisible = 0;
			defaultConfigurationName = Release;
		};
		3D3D89FF1AA8FC1F00B2FB70 /* Build configuration list for PBXNativeTarget "OnlineScrumPlanningPoker" */ = {
			isa = XCConfigurationList;
			buildConfigurations = (
				3D3D8A001AA8FC1F00B2FB70 /* Debug */,
				3D3D8A011AA8FC1F00B2FB70 /* Release */,
			);
			defaultConfigurationIsVisible = 0;
			defaultConfigurationName = Release;
		};
		3D3D8A021AA8FC1F00B2FB70 /* Build configuration list for PBXNativeTarget "OnlineScrumPlanningPokerTests" */ = {
			isa = XCConfigurationList;
			buildConfigurations = (
				3D3D8A031AA8FC1F00B2FB70 /* Debug */,
				3D3D8A041AA8FC1F00B2FB70 /* Release */,
			);
			defaultConfigurationIsVisible = 0;
			defaultConfigurationName = Release;
		};
/* End XCConfigurationList section */
	};
	rootObject = 3D3D89D41AA8FC1F00B2FB70 /* Project object */;
}
